
Microsoft Visual Studio Solution File, Format Version 12.00
# Visual Studio Version 16
VisualStudioVersion = 16.0.29418.71
MinimumVisualStudioVersion = 10.0.40219.1
Project("{FAE04EC0-301F-11D3-BF4B-00C04F79EFBC}") = "OLC_Project_1", "OLC_Project_1\OLC_Project_1.csproj", "{E28D57B6-23BF-4813-A466-D552D4E5234A}"
EndProject
Global
	GlobalSection(SolutionConfigurationPlatforms) = preSolution
		Debug|Any CPU = Debug|Any CPU
		Release|Any CPU = Release|Any CPU
	EndGlobalSection
	GlobalSection(ProjectConfigurationPlatforms) = postSolution
		{E28D57B6-23BF-4813-A466-D552D4E5234A}.Debug|Any CPU.ActiveCfg = Debug|Any CPU
		{E28D57B6-23BF-4813-A466-D552D4E5234A}.Debug|Any CPU.Build.0 = Debug|Any CPU
		{E28D57B6-23BF-4813-A466-D552D4E5234A}.Release|Any CPU.ActiveCfg = Release|Any CPU
		{E28D57B6-23BF-4813-A466-D552D4E5234A}.Release|Any CPU.Build.0 = Release|Any CPU
	EndGlobalSection
	GlobalSection(SolutionProperties) = preSolution
		HideSolutionNode = FALSE
	EndGlobalSection
	GlobalSection(ExtensibilityGlobals) = postSolution
		SolutionGuid = {83AB6591-6BBD-480F-BFD8-C91D035C5485}
	EndGlobalSection
EndGlobal
